
Microsoft Visual Studio Solution File, Format Version 12.00
# Visual Studio 14
VisualStudioVersion = 14.0.25420.1
MinimumVisualStudioVersion = 10.0.40219.1
Project("{8BC9CEB8-8B4A-11D0-8D11-00A0C91BC942}") = "MostFrquentInt", "MostFrquentInt\MostFrquentInt.vcxproj", "{C3A4170A-6F31-41F8-835B-CEAE63941B24}"
EndProject
Project("{8BC9CEB8-8B4A-11D0-8D11-00A0C91BC942}") = "IntPairSum", "IntPairSum\IntPairSum.vcxproj", "{9948BA64-F644-442B-9040-BC307C1B7CCA}"
EndProject
Project("{8BC9CEB8-8B4A-11D0-8D11-00A0C91BC942}") = "RotatedArray", "RotatedArray\RotatedArray.vcxproj", "{F94EF67B-06BB-4768-80BB-289C4254A166}"
EndProject
Project("{8BC9CEB8-8B4A-11D0-8D11-00A0C91BC942}") = "PairTarget", "PairTarget\PairTarget.vcxproj", "{08F50CBC-D88E-425D-9328-BD0FFEF61226}"
EndProject
Project("{8BC9CEB8-8B4A-11D0-8D11-00A0C91BC942}") = "AddTwoNumbers", "AddTwoNumbers\AddTwoNumbers.vcxproj", "{FC0ACBA4-033C-407E-93D5-475BE1D6C3A5}"
EndProject
Project("{8BC9CEB8-8B4A-11D0-8D11-00A0C91BC942}") = "LongestSubstrWithoutRepeat", "LongestSubstrWithoutRepeat\LongestSubstrWithoutRepeat.vcxproj", "{1E9B48D2-4105-4CC2-B81C-A91B6C9F0AC1}"
EndProject
Project("{8BC9CEB8-8B4A-11D0-8D11-00A0C91BC942}") = "MedianOfTwoSortedArrays", "MedianOfTwoSortedArrays\MedianOfTwoSortedArrays.vcxproj", "{07C48C56-B767-498F-AFDE-4DA6AFEA38F6}"
EndProject
Project("{8BC9CEB8-8B4A-11D0-8D11-00A0C91BC942}") = "LongestPalindromicSubstr", "LongestPalindromicSubstr\LongestPalindromicSubstr.vcxproj", "{E3AFD7F5-B4C3-4466-98EC-9126B250170A}"
EndProject
Project("{8BC9CEB8-8B4A-11D0-8D11-00A0C91BC942}") = "ZigZag", "ZigZag\ZigZag.vcxproj", "{8B011330-7C05-4CD7-A845-4CE3F593251B}"
EndProject
Project("{8BC9CEB8-8B4A-11D0-8D11-00A0C91BC942}") = "ReverseInteger", "ReverseInteger\ReverseInteger.vcxproj", "{EF15AF44-1A91-4BBA-B116-5570EB1DA8D6}"
EndProject
Project("{8BC9CEB8-8B4A-11D0-8D11-00A0C91BC942}") = "SortArrayByParity2", "SortArrayByParity2\SortArrayByParity2.vcxproj", "{F5383764-A908-4BE0-B12F-814FFB2B695B}"
EndProject
Project("{8BC9CEB8-8B4A-11D0-8D11-00A0C91BC942}") = "MinimumAddToMakeParenValid", "MinimumAddToMakeParenValid\MinimumAddToMakeParenValid.vcxproj", "{5D1651AC-A91C-467B-A633-EDE28C05F240}"
EndProject
Project("{8BC9CEB8-8B4A-11D0-8D11-00A0C91BC942}") = "ThreeSumWithMultiplicity", "ThreeSumWithMultiplicity\ThreeSumWithMultiplicity.vcxproj", "{74DF3730-0BF6-4608-B376-AAECEF35D854}"
EndProject
Project("{8BC9CEB8-8B4A-11D0-8D11-00A0C91BC942}") = "atoi", "atoi\atoi.vcxproj", "{824FB242-D997-467C-B9BA-69902311DFD4}"
EndProject
Project("{8BC9CEB8-8B4A-11D0-8D11-00A0C91BC942}") = "IntPalindrome", "IntPalindrome\IntPalindrome.vcxproj", "{38FD3AC1-119B-48B5-AEB3-0B0689029E9B}"
EndProject
Project("{8BC9CEB8-8B4A-11D0-8D11-00A0C91BC942}") = "ContainerWithMostArea", "ContainerWithMostArea\ContainerWithMostArea.vcxproj", "{A3BEFEB3-0DB1-46CD-ADE5-3425EA7D15D6}"
EndProject
Project("{8BC9CEB8-8B4A-11D0-8D11-00A0C91BC942}") = "ThreeSum", "Three Sum\Three Sum.vcxproj", "{06F6684E-1697-4D88-986A-6816C3CDF723}"
EndProject
Project("{8BC9CEB8-8B4A-11D0-8D11-00A0C91BC942}") = "ClosestThreeSum", "ClosestThreeSum\ClosestThreeSum.vcxproj", "{8F2D8B4B-CF5A-4E3D-9AD1-356D793202AB}"
EndProject
Project("{8BC9CEB8-8B4A-11D0-8D11-00A0C91BC942}") = "LetterCombinationsOfPhoneNumber", "LetterCombinationsOfPhoneNumber\LetterCombinationsOfPhoneNumber.vcxproj", "{065489E6-3B59-4A83-9AB1-5886E6D3B20F}"
EndProject
Global
	GlobalSection(SolutionConfigurationPlatforms) = preSolution
		Debug|x64 = Debug|x64
		Debug|x86 = Debug|x86
		Release|x64 = Release|x64
		Release|x86 = Release|x86
	EndGlobalSection
	GlobalSection(ProjectConfigurationPlatforms) = postSolution
		{C3A4170A-6F31-41F8-835B-CEAE63941B24}.Debug|x64.ActiveCfg = Debug|x64
		{C3A4170A-6F31-41F8-835B-CEAE63941B24}.Debug|x64.Build.0 = Debug|x64
		{C3A4170A-6F31-41F8-835B-CEAE63941B24}.Debug|x86.ActiveCfg = Debug|Win32
		{C3A4170A-6F31-41F8-835B-CEAE63941B24}.Debug|x86.Build.0 = Debug|Win32
		{C3A4170A-6F31-41F8-835B-CEAE63941B24}.Release|x64.ActiveCfg = Release|x64
		{C3A4170A-6F31-41F8-835B-CEAE63941B24}.Release|x64.Build.0 = Release|x64
		{C3A4170A-6F31-41F8-835B-CEAE63941B24}.Release|x86.ActiveCfg = Release|Win32
		{C3A4170A-6F31-41F8-835B-CEAE63941B24}.Release|x86.Build.0 = Release|Win32
		{9948BA64-F644-442B-9040-BC307C1B7CCA}.Debug|x64.ActiveCfg = Debug|x64
		{9948BA64-F644-442B-9040-BC307C1B7CCA}.Debug|x64.Build.0 = Debug|x64
		{9948BA64-F644-442B-9040-BC307C1B7CCA}.Debug|x86.ActiveCfg = Debug|Win32
		{9948BA64-F644-442B-9040-BC307C1B7CCA}.Debug|x86.Build.0 = Debug|Win32
		{9948BA64-F644-442B-9040-BC307C1B7CCA}.Release|x64.ActiveCfg = Release|x64
		{9948BA64-F644-442B-9040-BC307C1B7CCA}.Release|x64.Build.0 = Release|x64
		{9948BA64-F644-442B-9040-BC307C1B7CCA}.Release|x86.ActiveCfg = Release|Win32
		{9948BA64-F644-442B-9040-BC307C1B7CCA}.Release|x86.Build.0 = Release|Win32
		{F94EF67B-06BB-4768-80BB-289C4254A166}.Debug|x64.ActiveCfg = Debug|x64
		{F94EF67B-06BB-4768-80BB-289C4254A166}.Debug|x64.Build.0 = Debug|x64
		{F94EF67B-06BB-4768-80BB-289C4254A166}.Debug|x86.ActiveCfg = Debug|Win32
		{F94EF67B-06BB-4768-80BB-289C4254A166}.Debug|x86.Build.0 = Debug|Win32
		{F94EF67B-06BB-4768-80BB-289C4254A166}.Release|x64.ActiveCfg = Release|x64
		{F94EF67B-06BB-4768-80BB-289C4254A166}.Release|x64.Build.0 = Release|x64
		{F94EF67B-06BB-4768-80BB-289C4254A166}.Release|x86.ActiveCfg = Release|Win32
		{F94EF67B-06BB-4768-80BB-289C4254A166}.Release|x86.Build.0 = Release|Win32
		{08F50CBC-D88E-425D-9328-BD0FFEF61226}.Debug|x64.ActiveCfg = Debug|x64
		{08F50CBC-D88E-425D-9328-BD0FFEF61226}.Debug|x64.Build.0 = Debug|x64
		{08F50CBC-D88E-425D-9328-BD0FFEF61226}.Debug|x86.ActiveCfg = Debug|Win32
		{08F50CBC-D88E-425D-9328-BD0FFEF61226}.Debug|x86.Build.0 = Debug|Win32
		{08F50CBC-D88E-425D-9328-BD0FFEF61226}.Release|x64.ActiveCfg = Release|x64
		{08F50CBC-D88E-425D-9328-BD0FFEF61226}.Release|x64.Build.0 = Release|x64
		{08F50CBC-D88E-425D-9328-BD0FFEF61226}.Release|x86.ActiveCfg = Release|Win32
		{08F50CBC-D88E-425D-9328-BD0FFEF61226}.Release|x86.Build.0 = Release|Win32
		{FC0ACBA4-033C-407E-93D5-475BE1D6C3A5}.Debug|x64.ActiveCfg = Debug|x64
		{FC0ACBA4-033C-407E-93D5-475BE1D6C3A5}.Debug|x64.Build.0 = Debug|x64
		{FC0ACBA4-033C-407E-93D5-475BE1D6C3A5}.Debug|x86.ActiveCfg = Debug|Win32
		{FC0ACBA4-033C-407E-93D5-475BE1D6C3A5}.Debug|x86.Build.0 = Debug|Win32
		{FC0ACBA4-033C-407E-93D5-475BE1D6C3A5}.Release|x64.ActiveCfg = Release|x64
		{FC0ACBA4-033C-407E-93D5-475BE1D6C3A5}.Release|x64.Build.0 = Release|x64
		{FC0ACBA4-033C-407E-93D5-475BE1D6C3A5}.Release|x86.ActiveCfg = Release|Win32
		{FC0ACBA4-033C-407E-93D5-475BE1D6C3A5}.Release|x86.Build.0 = Release|Win32
		{1E9B48D2-4105-4CC2-B81C-A91B6C9F0AC1}.Debug|x64.ActiveCfg = Debug|x64
		{1E9B48D2-4105-4CC2-B81C-A91B6C9F0AC1}.Debug|x64.Build.0 = Debug|x64
		{1E9B48D2-4105-4CC2-B81C-A91B6C9F0AC1}.Debug|x86.ActiveCfg = Debug|Win32
		{1E9B48D2-4105-4CC2-B81C-A91B6C9F0AC1}.Debug|x86.Build.0 = Debug|Win32
		{1E9B48D2-4105-4CC2-B81C-A91B6C9F0AC1}.Release|x64.ActiveCfg = Release|x64
		{1E9B48D2-4105-4CC2-B81C-A91B6C9F0AC1}.Release|x64.Build.0 = Release|x64
		{1E9B48D2-4105-4CC2-B81C-A91B6C9F0AC1}.Release|x86.ActiveCfg = Release|Win32
		{1E9B48D2-4105-4CC2-B81C-A91B6C9F0AC1}.Release|x86.Build.0 = Release|Win32
		{07C48C56-B767-498F-AFDE-4DA6AFEA38F6}.Debug|x64.ActiveCfg = Debug|x64
		{07C48C56-B767-498F-AFDE-4DA6AFEA38F6}.Debug|x64.Build.0 = Debug|x64
		{07C48C56-B767-498F-AFDE-4DA6AFEA38F6}.Debug|x86.ActiveCfg = Debug|Win32
		{07C48C56-B767-498F-AFDE-4DA6AFEA38F6}.Debug|x86.Build.0 = Debug|Win32
		{07C48C56-B767-498F-AFDE-4DA6AFEA38F6}.Release|x64.ActiveCfg = Release|x64
		{07C48C56-B767-498F-AFDE-4DA6AFEA38F6}.Release|x64.Build.0 = Release|x64
		{07C48C56-B767-498F-AFDE-4DA6AFEA38F6}.Release|x86.ActiveCfg = Release|Win32
		{07C48C56-B767-498F-AFDE-4DA6AFEA38F6}.Release|x86.Build.0 = Release|Win32
		{E3AFD7F5-B4C3-4466-98EC-9126B250170A}.Debug|x64.ActiveCfg = Debug|x64
		{E3AFD7F5-B4C3-4466-98EC-9126B250170A}.Debug|x64.Build.0 = Debug|x64
		{E3AFD7F5-B4C3-4466-98EC-9126B250170A}.Debug|x86.ActiveCfg = Debug|Win32
		{E3AFD7F5-B4C3-4466-98EC-9126B250170A}.Debug|x86.Build.0 = Debug|Win32
		{E3AFD7F5-B4C3-4466-98EC-9126B250170A}.Release|x64.ActiveCfg = Release|x64
		{E3AFD7F5-B4C3-4466-98EC-9126B250170A}.Release|x64.Build.0 = Release|x64
		{E3AFD7F5-B4C3-4466-98EC-9126B250170A}.Release|x86.ActiveCfg = Release|Win32
		{E3AFD7F5-B4C3-4466-98EC-9126B250170A}.Release|x86.Build.0 = Release|Win32
		{8B011330-7C05-4CD7-A845-4CE3F593251B}.Debug|x64.ActiveCfg = Debug|x64
		{8B011330-7C05-4CD7-A845-4CE3F593251B}.Debug|x64.Build.0 = Debug|x64
		{8B011330-7C05-4CD7-A845-4CE3F593251B}.Debug|x86.ActiveCfg = Debug|Win32
		{8B011330-7C05-4CD7-A845-4CE3F593251B}.Debug|x86.Build.0 = Debug|Win32
		{8B011330-7C05-4CD7-A845-4CE3F593251B}.Release|x64.ActiveCfg = Release|x64
		{8B011330-7C05-4CD7-A845-4CE3F593251B}.Release|x64.Build.0 = Release|x64
		{8B011330-7C05-4CD7-A845-4CE3F593251B}.Release|x86.ActiveCfg = Release|Win32
		{8B011330-7C05-4CD7-A845-4CE3F593251B}.Release|x86.Build.0 = Release|Win32
		{EF15AF44-1A91-4BBA-B116-5570EB1DA8D6}.Debug|x64.ActiveCfg = Debug|x64
		{EF15AF44-1A91-4BBA-B116-5570EB1DA8D6}.Debug|x64.Build.0 = Debug|x64
		{EF15AF44-1A91-4BBA-B116-5570EB1DA8D6}.Debug|x86.ActiveCfg = Debug|Win32
		{EF15AF44-1A91-4BBA-B116-5570EB1DA8D6}.Debug|x86.Build.0 = Debug|Win32
		{EF15AF44-1A91-4BBA-B116-5570EB1DA8D6}.Release|x64.ActiveCfg = Release|x64
		{EF15AF44-1A91-4BBA-B116-5570EB1DA8D6}.Release|x64.Build.0 = Release|x64
		{EF15AF44-1A91-4BBA-B116-5570EB1DA8D6}.Release|x86.ActiveCfg = Release|Win32
		{EF15AF44-1A91-4BBA-B116-5570EB1DA8D6}.Release|x86.Build.0 = Release|Win32
		{F5383764-A908-4BE0-B12F-814FFB2B695B}.Debug|x64.ActiveCfg = Debug|x64
		{F5383764-A908-4BE0-B12F-814FFB2B695B}.Debug|x64.Build.0 = Debug|x64
		{F5383764-A908-4BE0-B12F-814FFB2B695B}.Debug|x86.ActiveCfg = Debug|Win32
		{F5383764-A908-4BE0-B12F-814FFB2B695B}.Debug|x86.Build.0 = Debug|Win32
		{F5383764-A908-4BE0-B12F-814FFB2B695B}.Release|x64.ActiveCfg = Release|x64
		{F5383764-A908-4BE0-B12F-814FFB2B695B}.Release|x64.Build.0 = Release|x64
		{F5383764-A908-4BE0-B12F-814FFB2B695B}.Release|x86.ActiveCfg = Release|Win32
		{F5383764-A908-4BE0-B12F-814FFB2B695B}.Release|x86.Build.0 = Release|Win32
		{5D1651AC-A91C-467B-A633-EDE28C05F240}.Debug|x64.ActiveCfg = Debug|x64
		{5D1651AC-A91C-467B-A633-EDE28C05F240}.Debug|x64.Build.0 = Debug|x64
		{5D1651AC-A91C-467B-A633-EDE28C05F240}.Debug|x86.ActiveCfg = Debug|Win32
		{5D1651AC-A91C-467B-A633-EDE28C05F240}.Debug|x86.Build.0 = Debug|Win32
		{5D1651AC-A91C-467B-A633-EDE28C05F240}.Release|x64.ActiveCfg = Release|x64
		{5D1651AC-A91C-467B-A633-EDE28C05F240}.Release|x64.Build.0 = Release|x64
		{5D1651AC-A91C-467B-A633-EDE28C05F240}.Release|x86.ActiveCfg = Release|Win32
		{5D1651AC-A91C-467B-A633-EDE28C05F240}.Release|x86.Build.0 = Release|Win32
		{74DF3730-0BF6-4608-B376-AAECEF35D854}.Debug|x64.ActiveCfg = Debug|x64
		{74DF3730-0BF6-4608-B376-AAECEF35D854}.Debug|x64.Build.0 = Debug|x64
		{74DF3730-0BF6-4608-B376-AAECEF35D854}.Debug|x86.ActiveCfg = Debug|Win32
		{74DF3730-0BF6-4608-B376-AAECEF35D854}.Debug|x86.Build.0 = Debug|Win32
		{74DF3730-0BF6-4608-B376-AAECEF35D854}.Release|x64.ActiveCfg = Release|x64
		{74DF3730-0BF6-4608-B376-AAECEF35D854}.Release|x64.Build.0 = Release|x64
		{74DF3730-0BF6-4608-B376-AAECEF35D854}.Release|x86.ActiveCfg = Release|Win32
		{74DF3730-0BF6-4608-B376-AAECEF35D854}.Release|x86.Build.0 = Release|Win32
		{824FB242-D997-467C-B9BA-69902311DFD4}.Debug|x64.ActiveCfg = Debug|x64
		{824FB242-D997-467C-B9BA-69902311DFD4}.Debug|x64.Build.0 = Debug|x64
		{824FB242-D997-467C-B9BA-69902311DFD4}.Debug|x86.ActiveCfg = Debug|Win32
		{824FB242-D997-467C-B9BA-69902311DFD4}.Debug|x86.Build.0 = Debug|Win32
		{824FB242-D997-467C-B9BA-69902311DFD4}.Release|x64.ActiveCfg = Release|x64
		{824FB242-D997-467C-B9BA-69902311DFD4}.Release|x64.Build.0 = Release|x64
		{824FB242-D997-467C-B9BA-69902311DFD4}.Release|x86.ActiveCfg = Release|Win32
		{824FB242-D997-467C-B9BA-69902311DFD4}.Release|x86.Build.0 = Release|Win32
		{38FD3AC1-119B-48B5-AEB3-0B0689029E9B}.Debug|x64.ActiveCfg = Debug|x64
		{38FD3AC1-119B-48B5-AEB3-0B0689029E9B}.Debug|x64.Build.0 = Debug|x64
		{38FD3AC1-119B-48B5-AEB3-0B0689029E9B}.Debug|x86.ActiveCfg = Debug|Win32
		{38FD3AC1-119B-48B5-AEB3-0B0689029E9B}.Debug|x86.Build.0 = Debug|Win32
		{38FD3AC1-119B-48B5-AEB3-0B0689029E9B}.Release|x64.ActiveCfg = Release|x64
		{38FD3AC1-119B-48B5-AEB3-0B0689029E9B}.Release|x64.Build.0 = Release|x64
		{38FD3AC1-119B-48B5-AEB3-0B0689029E9B}.Release|x86.ActiveCfg = Release|Win32
		{38FD3AC1-119B-48B5-AEB3-0B0689029E9B}.Release|x86.Build.0 = Release|Win32
		{A3BEFEB3-0DB1-46CD-ADE5-3425EA7D15D6}.Debug|x64.ActiveCfg = Debug|x64
		{A3BEFEB3-0DB1-46CD-ADE5-3425EA7D15D6}.Debug|x64.Build.0 = Debug|x64
		{A3BEFEB3-0DB1-46CD-ADE5-3425EA7D15D6}.Debug|x86.ActiveCfg = Debug|Win32
		{A3BEFEB3-0DB1-46CD-ADE5-3425EA7D15D6}.Debug|x86.Build.0 = Debug|Win32
		{A3BEFEB3-0DB1-46CD-ADE5-3425EA7D15D6}.Release|x64.ActiveCfg = Release|x64
		{A3BEFEB3-0DB1-46CD-ADE5-3425EA7D15D6}.Release|x64.Build.0 = Release|x64
		{A3BEFEB3-0DB1-46CD-ADE5-3425EA7D15D6}.Release|x86.ActiveCfg = Release|Win32
		{A3BEFEB3-0DB1-46CD-ADE5-3425EA7D15D6}.Release|x86.Build.0 = Release|Win32
		{06F6684E-1697-4D88-986A-6816C3CDF723}.Debug|x64.ActiveCfg = Debug|x64
		{06F6684E-1697-4D88-986A-6816C3CDF723}.Debug|x64.Build.0 = Debug|x64
		{06F6684E-1697-4D88-986A-6816C3CDF723}.Debug|x86.ActiveCfg = Debug|Win32
		{06F6684E-1697-4D88-986A-6816C3CDF723}.Debug|x86.Build.0 = Debug|Win32
		{06F6684E-1697-4D88-986A-6816C3CDF723}.Release|x64.ActiveCfg = Release|x64
		{06F6684E-1697-4D88-986A-6816C3CDF723}.Release|x64.Build.0 = Release|x64
		{06F6684E-1697-4D88-986A-6816C3CDF723}.Release|x86.ActiveCfg = Release|Win32
		{06F6684E-1697-4D88-986A-6816C3CDF723}.Release|x86.Build.0 = Release|Win32
		{8F2D8B4B-CF5A-4E3D-9AD1-356D793202AB}.Debug|x64.ActiveCfg = Debug|x64
		{8F2D8B4B-CF5A-4E3D-9AD1-356D793202AB}.Debug|x64.Build.0 = Debug|x64
		{8F2D8B4B-CF5A-4E3D-9AD1-356D793202AB}.Debug|x86.ActiveCfg = Debug|Win32
		{8F2D8B4B-CF5A-4E3D-9AD1-356D793202AB}.Debug|x86.Build.0 = Debug|Win32
		{8F2D8B4B-CF5A-4E3D-9AD1-356D793202AB}.Release|x64.ActiveCfg = Release|x64
		{8F2D8B4B-CF5A-4E3D-9AD1-356D793202AB}.Release|x64.Build.0 = Release|x64
		{8F2D8B4B-CF5A-4E3D-9AD1-356D793202AB}.Release|x86.ActiveCfg = Release|Win32
		{8F2D8B4B-CF5A-4E3D-9AD1-356D793202AB}.Release|x86.Build.0 = Release|Win32
		{065489E6-3B59-4A83-9AB1-5886E6D3B20F}.Debug|x64.ActiveCfg = Debug|x64
		{065489E6-3B59-4A83-9AB1-5886E6D3B20F}.Debug|x64.Build.0 = Debug|x64
		{065489E6-3B59-4A83-9AB1-5886E6D3B20F}.Debug|x86.ActiveCfg = Debug|Win32
		{065489E6-3B59-4A83-9AB1-5886E6D3B20F}.Debug|x86.Build.0 = Debug|Win32
		{065489E6-3B59-4A83-9AB1-5886E6D3B20F}.Release|x64.ActiveCfg = Release|x64
		{065489E6-3B59-4A83-9AB1-5886E6D3B20F}.Release|x64.Build.0 = Release|x64
		{065489E6-3B59-4A83-9AB1-5886E6D3B20F}.Release|x86.ActiveCfg = Release|Win32
		{065489E6-3B59-4A83-9AB1-5886E6D3B20F}.Release|x86.Build.0 = Release|Win32
	EndGlobalSection
	GlobalSection(SolutionProperties) = preSolution
		HideSolutionNode = FALSE
	EndGlobalSection
EndGlobal
